Microsoft Visual Studio Solution File, Format Version 12.00
# Visual Studio Version 17
VisualStudioVersion = 17.5.2.0
MinimumVisualStudioVersion = 10.0.40219.1
Project("{2150E333-8FDC-42A3-9474-1A3956D46DE8}") = "CodeOfPracticePD2025-Sem3-UnitTests", "CodeOfPracticePD2025-Sem3-UnitTests", "{0B775D82-F06B-DAAB-6CAA-2F7CB407EAD8}"
EndProject
Project("{FAE04EC0-301F-11D3-BF4B-00C04F79EFBC}") = "Practical1Test", "CodeOfPracticePD2025-Sem3-UnitTests\Practical1Test\Practical1Test.csproj", "{22B0B478-1965-2ECB-C9C5-9711BD01D912}"
EndProject
Global
	GlobalSection(SolutionConfigurationPlatforms) = preSolution
		Debug|Any CPU = Debug|Any CPU
		Release|Any CPU = Release|Any CPU
	EndGlobalSection
	GlobalSection(ProjectConfigurationPlatforms) = postSolution
		{22B0B478-1965-2ECB-C9C5-9711BD01D912}.Debug|Any CPU.ActiveCfg = Debug|Any CPU
		{22B0B478-1965-2ECB-C9C5-9711BD01D912}.Debug|Any CPU.Build.0 = Debug|Any CPU
		{22B0B478-1965-2ECB-C9C5-9711BD01D912}.Release|Any CPU.ActiveCfg = Release|Any CPU
		{22B0B478-1965-2ECB-C9C5-9711BD01D912}.Release|Any CPU.Build.0 = Release|Any CPU
	EndGlobalSection
	GlobalSection(SolutionProperties) = preSolution
		HideSolutionNode = FALSE
	EndGlobalSection
	GlobalSection(NestedProjects) = preSolution
		{22B0B478-1965-2ECB-C9C5-9711BD01D912} = {0B775D82-F06B-DAAB-6CAA-2F7CB407EAD8}
	EndGlobalSection
	GlobalSection(ExtensibilityGlobals) = postSolution
		SolutionGuid = {900A49A1-E71E-4247-82D1-F75AB8C956E2}
	EndGlobalSection
EndGlobal
